{
  "name": "csv-generator",
  "version": "1.0.0",
  "lockfileVersion": 2,
  "requires": true,
  "packages": {
    "": {
      "name": "csv-generator",
      "version": "1.0.0",
      "license": "Apache-2.0",
      "dependencies": {
        "csv-stringify": "^5.6.4",
        "faker": "^5.5.3",
        "random-js": "^2.1.0"
      }
    },
    "node_modules/csv-stringify": {
      "version": "5.6.4",
      "resolved": "https://registry.npmjs.org/csv-stringify/-/csv-stringify-5.6.4.tgz",
      "integrity": "sha512-LnX2ft+6MX3CJKLoL4n9ZLIiaUKmPQLJixMbSfGC8wGNBn82UEdX9Fcg4f2HbpCTWqjIiLrxegQt2uorQo2NXw=="
    },
    "node_modules/faker": {
      "version": "5.5.3",
      "resolved": "https://registry.npmjs.org/faker/-/faker-5.5.3.tgz",
      "integrity": "sha512-wLTv2a28wjUyWkbnX7u/ABZBkUkIF2fCd73V6P2oFqEGEktDfzWx4UxrSqtPRw0xPRAcjeAOIiJWqZm3pP4u3g=="
    },
    "node_modules/random-js": {
      "version": "2.1.0",
      "resolved": "https://registry.npmjs.org/random-js/-/random-js-2.1.0.tgz",
      "integrity": "sha512-CRUyWmnzmZBA7RZSVGq0xMqmgCyPPxbiKNLFA5ud7KenojVX2s7Gv+V7eB52beKTPGxWRnVZ7D/tCIgYJJ8vNQ=="
    }
  },
  "dependencies": {
    "csv-stringify": {
      "version": "5.6.4",
      "resolved": "https://registry.npmjs.org/csv-stringify/-/csv-stringify-5.6.4.tgz",
      "integrity": "sha512-LnX2ft+6MX3CJKLoL4n9ZLIiaUKmPQLJixMbSfGC8wGNBn82UEdX9Fcg4f2HbpCTWqjIiLrxegQt2uorQo2NXw=="
    },
    "faker": {
      "version": "5.5.3",
      "resolved": "https://registry.npmjs.org/faker/-/faker-5.5.3.tgz",
      "integrity": "sha512-wLTv2a28wjUyWkbnX7u/ABZBkUkIF2fCd73V6P2oFqEGEktDfzWx4UxrSqtPRw0xPRAcjeAOIiJWqZm3pP4u3g=="
    },
    "random-js": {
      "version": "2.1.0",
      "resolved": "https://registry.npmjs.org/random-js/-/random-js-2.1.0.tgz",
      "integrity": "sha512-CRUyWmnzmZBA7RZSVGq0xMqmgCyPPxbiKNLFA5ud7KenojVX2s7Gv+V7eB52beKTPGxWRnVZ7D/tCIgYJJ8vNQ=="
    }
  }
}
